
Microsoft Visual Studio Solution File, Format Version 12.00
# Visual Studio Version 17
VisualStudioVersion = 17.9.34723.18
MinimumVisualStudioVersion = 10.0.40219.1
Project("{9A19103F-16F7-4668-BE54-9A1E7A4F7556}") = "LiteraryArchiveServer", "LiteraryArchiveServer\LiteraryArchiveServer.csproj", "{687C4E2E-A07A-41BD-BFB3-D1D72FF355D0}"
EndProject
Project("{FAE04EC0-301F-11D3-BF4B-00C04F79EFBC}") = "pleaseworkplease", "pleaseworkplease\pleaseworkplease.csproj", "{D206C85D-A7CD-4BCC-B9CD-4A26123D4668}"
EndProject
Global
	GlobalSection(SolutionConfigurationPlatforms) = preSolution
		Debug|Any CPU = Debug|Any CPU
		Debug|x64 = Debug|x64
		Debug|x86 = Debug|x86
		Release|Any CPU = Release|Any CPU
		Release|x64 = Release|x64
		Release|x86 = Release|x86
	EndGlobalSection
	GlobalSection(ProjectConfigurationPlatforms) = postSolution
		{687C4E2E-A07A-41BD-BFB3-D1D72FF355D0}.Debug|Any CPU.ActiveCfg = Debug|Any CPU
		{687C4E2E-A07A-41BD-BFB3-D1D72FF355D0}.Debug|Any CPU.Build.0 = Debug|Any CPU
		{687C4E2E-A07A-41BD-BFB3-D1D72FF355D0}.Debug|x64.ActiveCfg = Debug|Any CPU
		{687C4E2E-A07A-41BD-BFB3-D1D72FF355D0}.Debug|x64.Build.0 = Debug|Any CPU
		{687C4E2E-A07A-41BD-BFB3-D1D72FF355D0}.Debug|x86.ActiveCfg = Debug|Any CPU
		{687C4E2E-A07A-41BD-BFB3-D1D72FF355D0}.Debug|x86.Build.0 = Debug|Any CPU
		{687C4E2E-A07A-41BD-BFB3-D1D72FF355D0}.Release|Any CPU.ActiveCfg = Release|Any CPU
		{687C4E2E-A07A-41BD-BFB3-D1D72FF355D0}.Release|Any CPU.Build.0 = Release|Any CPU
		{687C4E2E-A07A-41BD-BFB3-D1D72FF355D0}.Release|x64.ActiveCfg = Release|Any CPU
		{687C4E2E-A07A-41BD-BFB3-D1D72FF355D0}.Release|x64.Build.0 = Release|Any CPU
		{687C4E2E-A07A-41BD-BFB3-D1D72FF355D0}.Release|x86.ActiveCfg = Release|Any CPU
		{687C4E2E-A07A-41BD-BFB3-D1D72FF355D0}.Release|x86.Build.0 = Release|Any CPU
		{D206C85D-A7CD-4BCC-B9CD-4A26123D4668}.Debug|Any CPU.ActiveCfg = Debug|Any CPU
		{D206C85D-A7CD-4BCC-B9CD-4A26123D4668}.Debug|Any CPU.Build.0 = Debug|Any CPU
		{D206C85D-A7CD-4BCC-B9CD-4A26123D4668}.Debug|x64.ActiveCfg = Debug|Any CPU
		{D206C85D-A7CD-4BCC-B9CD-4A26123D4668}.Debug|x64.Build.0 = Debug|Any CPU
		{D206C85D-A7CD-4BCC-B9CD-4A26123D4668}.Debug|x86.ActiveCfg = Debug|Any CPU
		{D206C85D-A7CD-4BCC-B9CD-4A26123D4668}.Debug|x86.Build.0 = Debug|Any CPU
		{D206C85D-A7CD-4BCC-B9CD-4A26123D4668}.Release|Any CPU.ActiveCfg = Release|Any CPU
		{D206C85D-A7CD-4BCC-B9CD-4A26123D4668}.Release|Any CPU.Build.0 = Release|Any CPU
		{D206C85D-A7CD-4BCC-B9CD-4A26123D4668}.Release|x64.ActiveCfg = Release|Any CPU
		{D206C85D-A7CD-4BCC-B9CD-4A26123D4668}.Release|x64.Build.0 = Release|Any CPU
		{D206C85D-A7CD-4BCC-B9CD-4A26123D4668}.Release|x86.ActiveCfg = Release|Any CPU
		{D206C85D-A7CD-4BCC-B9CD-4A26123D4668}.Release|x86.Build.0 = Release|Any CPU
	EndGlobalSection
	GlobalSection(SolutionProperties) = preSolution
		HideSolutionNode = FALSE
	EndGlobalSection
	GlobalSection(ExtensibilityGlobals) = postSolution
		SolutionGuid = {D5508A05-100E-4C6F-A689-4F5C6ABE8D7D}
	EndGlobalSection
EndGlobal
